// !$*UTF8*$!
{
	archiveVersion = 1;
	classes = {
	};
	objectVersion = 46;
	objects = {

/* Begin PBXBuildFile section */
		85E3D4051A7BC193005F900F /* main.m in Sources */ = {isa = PBXBuildFile; fileRef = 85E3D4041A7BC193005F900F /* main.m */; };
		85E3D4081A7BC193005F900F /* AppDelegate.m in Sources */ = {isa = PBXBuildFile; fileRef = 85E3D4071A7BC193005F900F /* AppDelegate.m */; };
		85E3D4101A7BC193005F900F /* Images.xcassets in Resources */ = {isa = PBXBuildFile; fileRef = 85E3D40F1A7BC193005F900F /* Images.xcassets */; };
		85E3D4131A7BC193005F900F /* LaunchScreen.xib in Resources */ = {isa = PBXBuildFile; fileRef = 85E3D4111A7BC193005F900F /* LaunchScreen.xib */; };
		85E3D41F1A7BC193005F900F /* iTahDoodleTests.m in Sources */ = {isa = PBXBuildFile; fileRef = 85E3D41E1A7BC193005F900F /* iTahDoodleTests.m */; };
/* End PBXBuildFile section */

/* Begin PBXContainerItemProxy section */
		85E3D4191A7BC193005F900F /* PBXContainerItemProxy */ = {
			isa = PBXContainerItemProxy;
			containerPortal = 85E3D3F71A7BC193005F900F /* Project object */;
			proxyType = 1;
			remoteGlobalIDString = 85E3D3FE1A7BC193005F900F;
			remoteInfo = iTahDoodle;
		};
/* End PBXContainerItemProxy section */

/* Begin PBXFileReference section */
		85E3D3FF1A7BC193005F900F /* iTahDoodle.app */ = {isa = PBXFileReference; explicitFileType = wrapper.application; includeInIndex = 0; path = iTahDoodle.app; sourceTree = BUILT_PRODUCTS_DIR; };
		85E3D4031A7BC193005F900F /* Info.plist */ = {isa = PBXFileReference; lastKnownFileType = text.plist.xml; path = Info.plist; sourceTree = "<group>"; };
		85E3D4041A7BC193005F900F /* main.m */ = {isa = PBXFileReference; lastKnownFileType = sourcecode.c.objc; path = main.m; sourceTree = "<group>"; };
		85E3D4061A7BC193005F900F /* AppDelegate.h */ = {isa = PBXFileReference; lastKnownFileType = sourcecode.c.h; path = AppDelegate.h; sourceTree = "<group>"; };
		85E3D4071A7BC193005F900F /* AppDelegate.m */ = {isa = PBXFileReference; lastKnownFileType = sourcecode.c.objc; path = AppDelegate.m; sourceTree = "<group>"; };
		85E3D40F1A7BC193005F900F /* Images.xcassets */ = {isa = PBXFileReference; lastKnownFileType = folder.assetcatalog; path = Images.xcassets; sourceTree = "<group>"; };
		85E3D4121A7BC193005F900F /* Base */ = {isa = PBXFileReference; lastKnownFileType = file.xib; name = Base; path = Base.lproj/LaunchScreen.xib; sourceTree = "<group>"; };
		85E3D4181A7BC193005F900F /* iTahDoodleTests.xctest */ = {isa = PBXFileReference; explicitFileType = wrapper.cfbundle; includeInIndex = 0; path = iTahDoodleTests.xctest; sourceTree = BUILT_PRODUCTS_DIR; };
		85E3D41D1A7BC193005F900F /* Info.plist */ = {isa = PBXFileReference; lastKnownFileType = text.plist.xml; path = Info.plist; sourceTree = "<group>"; };
		85E3D41E1A7BC193005F900F /* iTahDoodleTests.m */ = {isa = PBXFileReference; lastKnownFileType = sourcecode.c.objc; path = iTahDoodleTests.m; sourceTree = "<group>"; };
/* End PBXFileReference section */

/* Begin PBXFrameworksBuildPhase section */
		85E3D3FC1A7BC193005F900F /* Frameworks */ = {
			isa = PBXFrameworksBuildPhase;
			buildActionMask = 2147483647;
			files = (
			);
			runOnlyForDeploymentPostprocessing = 0;
		};
		85E3D4151A7BC193005F900F /* Frameworks */ = {
			isa = PBXFrameworksBuildPhase;
			buildActionMask = 2147483647;
			files = (
			);
			runOnlyForDeploymentPostprocessing = 0;
		};
/* End PBXFrameworksBuildPhase section */

/* Begin PBXGroup section */
		85E3D3F61A7BC193005F900F = {
			isa = PBXGroup;
			children = (
				85E3D4011A7BC193005F900F /* iTahDoodle */,
				85E3D41B1A7BC193005F900F /* iTahDoodleTests */,
				85E3D4001A7BC193005F900F /* Products */,
			);
			sourceTree = "<group>";
		};
		85E3D4001A7BC193005F900F /* Products */ = {
			isa = PBXGroup;
			children = (
				85E3D3FF1A7BC193005F900F /* iTahDoodle.app */,
				85E3D4181A7BC193005F900F /* iTahDoodleTests.xctest */,
			);
			name = Products;
			sourceTree = "<group>";
		};
		85E3D4011A7BC193005F900F /* iTahDoodle */ = {
			isa = PBXGroup;
			children = (
				85E3D4061A7BC193005F900F /* AppDelegate.h */,
				85E3D4071A7BC193005F900F /* AppDelegate.m */,
				85E3D40F1A7BC193005F900F /* Images.xcassets */,
				85E3D4111A7BC193005F900F /* LaunchScreen.xib */,
				85E3D4021A7BC193005F900F /* Supporting Files */,
			);
			path = iTahDoodle;
			sourceTree = "<group>";
		};
		85E3D4021A7BC193005F900F /* Supporting Files */ = {
			isa = PBXGroup;
			children = (
				85E3D4031A7BC193005F900F /* Info.plist */,
				85E3D4041A7BC193005F900F /* main.m */,
			);
			name = "Supporting Files";
			sourceTree = "<group>";
		};
		85E3D41B1A7BC193005F900F /* iTahDoodleTests */ = {
			isa = PBXGroup;
			children = (
				85E3D41E1A7BC193005F900F /* iTahDoodleTests.m */,
				85E3D41C1A7BC193005F900F /* Supporting Files */,
			);
			path = iTahDoodleTests;
			sourceTree = "<group>";
		};
		85E3D41C1A7BC193005F900F /* Supporting Files */ = {
			isa = PBXGroup;
			children = (
				85E3D41D1A7BC193005F900F /* Info.plist */,
			);
			name = "Supporting Files";
			sourceTree = "<group>";
		};
/* End PBXGroup section */

/* Begin PBXNativeTarget section */
		85E3D3FE1A7BC193005F900F /* iTahDoodle */ = {
			isa = PBXNativeTarget;
			buildConfigurationList = 85E3D4221A7BC193005F900F /* Build configuration list for PBXNativeTarget "iTahDoodle" */;
			buildPhases = (
				85E3D3FB1A7BC193005F900F /* Sources */,
				85E3D3FC1A7BC193005F900F /* Frameworks */,
				85E3D3FD1A7BC193005F900F /* Resources */,
			);
			buildRules = (
			);
			dependencies = (
			);
			name = iTahDoodle;
			productName = iTahDoodle;
			productReference = 85E3D3FF1A7BC193005F900F /* iTahDoodle.app */;
			productType = "com.apple.product-type.application";
		};
		85E3D4171A7BC193005F900F /* iTahDoodleTests */ = {
			isa = PBXNativeTarget;
			buildConfigurationList = 85E3D4251A7BC193005F900F /* Build configuration list for PBXNativeTarget "iTahDoodleTests" */;
			buildPhases = (
				85E3D4141A7BC193005F900F /* Sources */,
				85E3D4151A7BC193005F900F /* Frameworks */,
				85E3D4161A7BC193005F900F /* Resources */,
			);
			buildRules = (
			);
			dependencies = (
				85E3D41A1A7BC193005F900F /* PBXTargetDependency */,
			);
			name = iTahDoodleTests;
			productName = iTahDoodleTests;
			productReference = 85E3D4181A7BC193005F900F /* iTahDoodleTests.xctest */;
			productType = "com.apple.product-type.bundle.unit-test";
		};
/* End PBXNativeTarget section */

/* Begin PBXProject section */
		85E3D3F71A7BC193005F900F /* Project object */ = {
			isa = PBXProject;
			attributes = {
				LastUpgradeCheck = 0610;
				ORGANIZATIONNAME = CCA;
				TargetAttributes = {
					85E3D3FE1A7BC193005F900F = {
						CreatedOnToolsVersion = 6.1.1;
					};
					85E3D4171A7BC193005F900F = {
						CreatedOnToolsVersion = 6.1.1;
						TestTargetID = 85E3D3FE1A7BC193005F900F;
					};
				};
			};
			buildConfigurationList = 85E3D3FA1A7BC193005F900F /* Build configuration list for PBXProject "iTahDoodle" */;
			compatibilityVersion = "Xcode 3.2";
			developmentRegion = English;
			hasScannedForEncodings = 0;
			knownRegions = (
				en,
				Base,
			);
			mainGroup = 85E3D3F61A7BC193005F900F;
			productRefGroup = 85E3D4001A7BC193005F900F /* Products */;
			projectDirPath = "";
			projectRoot = "";
			targets = (
				85E3D3FE1A7BC193005F900F /* iTahDoodle */,
				85E3D4171A7BC193005F900F /* iTahDoodleTests */,
			);
		};
/* End PBXProject section */

/* Begin PBXResourcesBuildPhase section */
		85E3D3FD1A7BC193005F900F /* Resources */ = {
			isa = PBXResourcesBuildPhase;
			buildActionMask = 2147483647;
			files = (
				85E3D4131A7BC193005F900F /* LaunchScreen.xib in Resources */,
				85E3D4101A7BC193005F900F /* Images.xcassets in Resources */,
			);
			runOnlyForDeploymentPostprocessing = 0;
		};
		85E3D4161A7BC193005F900F /* Resources */ = {
			isa = PBXResourcesBuildPhase;
			buildActionMask = 2147483647;
			files = (
			);
			runOnlyForDeploymentPostprocessing = 0;
		};
/* End PBXResourcesBuildPhase section */

/* Begin PBXSourcesBuildPhase section */
		85E3D3FB1A7BC193005F900F /* Sources */ = {
			isa = PBXSourcesBuildPhase;
			buildActionMask = 2147483647;
			files = (
				85E3D4081A7BC193005F900F /* AppDelegate.m in Sources */,
				85E3D4051A7BC193005F900F /* main.m in Sources */,
			);
			runOnlyForDeploymentPostprocessing = 0;
		};
		85E3D4141A7BC193005F900F /* Sources */ = {
			isa = PBXSourcesBuildPhase;
			buildActionMask = 2147483647;
			files = (
				85E3D41F1A7BC193005F900F /* iTahDoodleTests.m in Sources */,
			);
			runOnlyForDeploymentPostprocessing = 0;
		};
/* End PBXSourcesBuildPhase section */

/* Begin PBXTargetDependency section */
		85E3D41A1A7BC193005F900F /* PBXTargetDependency */ = {
			isa = PBXTargetDependency;
			target = 85E3D3FE1A7BC193005F900F /* iTahDoodle */;
			targetProxy = 85E3D4191A7BC193005F900F /* PBXContainerItemProxy */;
		};
/* End PBXTargetDependency section */

/* Begin PBXVariantGroup section */
		85E3D4111A7BC193005F900F /* LaunchScreen.xib */ = {
			isa = PBXVariantGroup;
			children = (
				85E3D4121A7BC193005F900F /* Base */,
			);
			name = LaunchScreen.xib;
			sourceTree = "<group>";
		};
/* End PBXVariantGroup section */

/* Begin XCBuildConfiguration section */
		85E3D4201A7BC193005F900F /* Debug */ = {
			isa = XCBuildConfiguration;
			buildSettings = {
				ALWAYS_SEARCH_USER_PATHS = NO;
				CLANG_CXX_LANGUAGE_STANDARD = "gnu++0x";
				CLANG_CXX_LIBRARY = "libc++";
				CLANG_ENABLE_MODULES = YES;
				CLANG_ENABLE_OBJC_ARC = YES;
				CLANG_WARN_BOOL_CONVERSION = YES;
				CLANG_WARN_CONSTANT_CONVERSION = YES;
				CLANG_WARN_DIRECT_OBJC_ISA_USAGE = YES_ERROR;
				CLANG_WARN_EMPTY_BODY = YES;
				CLANG_WARN_ENUM_CONVERSION = YES;
				CLANG_WARN_INT_CONVERSION = YES;
				CLANG_WARN_OBJC_ROOT_CLASS = YES_ERROR;
				CLANG_WARN_UNREACHABLE_CODE = YES;
				CLANG_WARN__DUPLICATE_METHOD_MATCH = YES;
				"CODE_SIGN_IDENTITY[sdk=iphoneos*]" = "iPhone Developer";
				COPY_PHASE_STRIP = NO;
				ENABLE_STRICT_OBJC_MSGSEND = YES;
				GCC_C_LANGUAGE_STANDARD = gnu99;
				GCC_DYNAMIC_NO_PIC = NO;
				GCC_OPTIMIZATION_LEVEL = 0;
				GCC_PREPROCESSOR_DEFINITIONS = (
					"DEBUG=1",
					"$(inherited)",
				);
				GCC_SYMBOLS_PRIVATE_EXTERN = NO;
				GCC_WARN_64_TO_32_BIT_CONVERSION = YES;
				GCC_WARN_ABOUT_RETURN_TYPE = YES_ERROR;
				GCC_WARN_UNDECLARED_SELECTOR = YES;
				GCC_WARN_UNINITIALIZED_AUTOS = YES_AGGRESSIVE;
				GCC_WARN_UNUSED_FUNCTION = YES;
				GCC_WARN_UNUSED_VARIABLE = YES;
				IPHONEOS_DEPLOYMENT_TARGET = 8.1;
				MTL_ENABLE_DEBUG_INFO = YES;
				ONLY_ACTIVE_ARCH = YES;
				SDKROOT = iphoneos;
				TARGETED_DEVICE_FAMILY = "1,2";
			};
			name = Debug;
		};
		85E3D4211A7BC193005F900F /* Release */ = {
			isa = XCBuildConfiguration;
			buildSettings = {
				ALWAYS_SEARCH_USER_PATHS = NO;
				CLANG_CXX_LANGUAGE_STANDARD = "gnu++0x";
				CLANG_CXX_LIBRARY = "libc++";
				CLANG_ENABLE_MODULES = YES;
				CLANG_ENABLE_OBJC_ARC = YES;
				CLANG_WARN_BOOL_CONVERSION = YES;
				CLANG_WARN_CONSTANT_CONVERSION = YES;
				CLANG_WARN_DIRECT_OBJC_ISA_USAGE = YES_ERROR;
				CLANG_WARN_EMPTY_BODY = YES;
				CLANG_WARN_ENUM_CONVERSION = YES;
				CLANG_WARN_INT_CONVERSION = YES;
				CLANG_WARN_OBJC_ROOT_CLASS = YES_ERROR;
				CLANG_WARN_UNREACHABLE_CODE = YES;
				CLANG_WARN__DUPLICATE_METHOD_MATCH = YES;
				"CODE_SIGN_IDENTITY[sdk=iphoneos*]" = "iPhone Developer";
				COPY_PHASE_STRIP = YES;
				ENABLE_NS_ASSERTIONS = NO;
				ENABLE_STRICT_OBJC_MSGSEND = YES;
				GCC_C_LANGUAGE_STANDARD = gnu99;
				GCC_WARN_64_TO_32_BIT_CONVERSION = YES;
				GCC_WARN_ABOUT_RETURN_TYPE = YES_ERROR;
				GCC_WARN_UNDECLARED_SELECTOR = YES;
				GCC_WARN_UNINITIALIZED_AUTOS = YES_AGGRESSIVE;
				GCC_WARN_UNUSED_FUNCTION = YES;
				GCC_WARN_UNUSED_VARIABLE = YES;
				IPHONEOS_DEPLOYMENT_TARGET = 8.1;
				MTL_ENABLE_DEBUG_INFO = NO;
				SDKROOT = iphoneos;
				TARGETED_DEVICE_FAMILY = "1,2";
				VALIDATE_PRODUCT = YES;
			};
			name = Release;
		};
		85E3D4231A7BC193005F900F /* Debug */ = {
			isa = XCBuildConfiguration;
			buildSettings = {
				ASSETCATALOG_COMPILER_APPICON_NAME = AppIcon;
				INFOPLIST_FILE = iTahDoodle/Info.plist;
				LD_RUNPATH_SEARCH_PATHS = "$(inherited) @executable_path/Frameworks";
				PRODUCT_NAME = "$(TARGET_NAME)";
			};
			name = Debug;
		};
		85E3D4241A7BC193005F900F /* Release */ = {
			isa = XCBuildConfiguration;
			buildSettings = {
				ASSETCATALOG_COMPILER_APPICON_NAME = AppIcon;
				INFOPLIST_FILE = iTahDoodle/Info.plist;
				LD_RUNPATH_SEARCH_PATHS = "$(inherited) @executable_path/Frameworks";
				PRODUCT_NAME = "$(TARGET_NAME)";
			};
			name = Release;
		};
		85E3D4261A7BC193005F900F /* Debug */ = {
			isa = XCBuildConfiguration;
			buildSettings = {
				BUNDLE_LOADER = "$(TEST_HOST)";
				FRAMEWORK_SEARCH_PATHS = (
					"$(SDKROOT)/Developer/Library/Frameworks",
					"$(inherited)",
				);
				GCC_PREPROCESSOR_DEFINITIONS = (
					"DEBUG=1",
					"$(inherited)",
				);
				INFOPLIST_FILE = iTahDoodleTests/Info.plist;
				LD_RUNPATH_SEARCH_PATHS = "$(inherited) @executable_path/Frameworks @loader_path/Frameworks";
				PRODUCT_NAME = "$(TARGET_NAME)";
				TEST_HOST = "$(BUILT_PRODUCTS_DIR)/iTahDoodle.app/iTahDoodle";
			};
			name = Debug;
		};
		85E3D4271A7BC193005F900F /* Release */ = {
			isa = XCBuildConfiguration;
			buildSettings = {
				BUNDLE_LOADER = "$(TEST_HOST)";
				FRAMEWORK_SEARCH_PATHS = (
					"$(SDKROOT)/Developer/Library/Frameworks",
					"$(inherited)",
				);
				INFOPLIST_FILE = iTahDoodleTests/Info.plist;
				LD_RUNPATH_SEARCH_PATHS = "$(inherited) @executable_path/Frameworks @loader_path/Frameworks";
				PRODUCT_NAME = "$(TARGET_NAME)";
				TEST_HOST = "$(BUILT_PRODUCTS_DIR)/iTahDoodle.app/iTahDoodle";
			};
			name = Release;
		};
/* End XCBuildConfiguration section */

/* Begin XCConfigurationList section */
		85E3D3FA1A7BC193005F900F /* Build configuration list for PBXProject "iTahDoodle" */ = {
			isa = XCConfigurationList;
			buildConfigurations = (
				85E3D4201A7BC193005F900F /* Debug */,
				85E3D4211A7BC193005F900F /* Release */,
			);
			defaultConfigurationIsVisible = 0;
			defaultConfigurationName = Release;
		};
		85E3D4221A7BC193005F900F /* Build configuration list for PBXNativeTarget "iTahDoodle" */ = {
			isa = XCConfigurationList;
			buildConfigurations = (
				85E3D4231A7BC193005F900F /* Debug */,
				85E3D4241A7BC193005F900F /* Release */,
			);
			defaultConfigurationIsVisible = 0;
		};
		85E3D4251A7BC193005F900F /* Build configuration list for PBXNativeTarget "iTahDoodleTests" */ = {
			isa = XCConfigurationList;
			buildConfigurations = (
				85E3D4261A7BC193005F900F /* Debug */,
				85E3D4271A7BC193005F900F /* Release */,
			);
			defaultConfigurationIsVisible = 0;
		};
/* End XCConfigurationList section */
	};
	rootObject = 85E3D3F71A7BC193005F900F /* Project object */;
}
